
Microsoft Visual Studio Solution File, Format Version 12.00
# Visual Studio Version 16
VisualStudioVersion = 16.0.30523.141
MinimumVisualStudioVersion = 10.0.40219.1
Project("{FAE04EC0-301F-11D3-BF4B-00C04F79EFBC}") = "curs2.2", "curs2.2.csproj", "{FA08884D-52DA-4959-83FF-D5575E410D2B}"
EndProject
Global
	GlobalSection(SolutionConfigurationPlatforms) = preSolution
		Debug|Any CPU = Debug|Any CPU
		Release|Any CPU = Release|Any CPU
	EndGlobalSection
	GlobalSection(ProjectConfigurationPlatforms) = postSolution
		{FA08884D-52DA-4959-83FF-D5575E410D2B}.Debug|Any CPU.ActiveCfg = Debug|Any CPU
		{FA08884D-52DA-4959-83FF-D5575E410D2B}.Debug|Any CPU.Build.0 = Debug|Any CPU
		{FA08884D-52DA-4959-83FF-D5575E410D2B}.Release|Any CPU.ActiveCfg = Release|Any CPU
		{FA08884D-52DA-4959-83FF-D5575E410D2B}.Release|Any CPU.Build.0 = Release|Any CPU
	EndGlobalSection
	GlobalSection(SolutionProperties) = preSolution
		HideSolutionNode = FALSE
	EndGlobalSection
	GlobalSection(ExtensibilityGlobals) = postSolution
		SolutionGuid = {5EFCF971-E730-4642-A53E-3D7F45A6EF06}
	EndGlobalSection
EndGlobal
